
Microsoft Visual Studio Solution File, Format Version 12.00
# Visual Studio Version 16
VisualStudioVersion = 16.0.29806.167
MinimumVisualStudioVersion = 10.0.40219.1
Project("{9A19103F-16F7-4668-BE54-9A1E7A4F7556}") = "NFluent.ly", "NFluent.ly\NFluent.ly.csproj", "{FBBD1D6A-B360-4695-94D2-673A5140B21A}"
EndProject
Project("{9A19103F-16F7-4668-BE54-9A1E7A4F7556}") = "NFluent.ly.Should", "NFluent.ly.Should\NFluent.ly.Should.csproj", "{A680F035-B47F-4C0D-85C4-3D681939DDAD}"
EndProject
Project("{2150E333-8FDC-42A3-9474-1A3956D46DE8}") = "Solution Items", "Solution Items", "{90EA0567-982B-413E-AFDE-ED7501187766}"
	ProjectSection(SolutionItems) = preProject
		azure-pipelines.yml = azure-pipelines.yml
		LICENSE.TXT = LICENSE.TXT
		README.MD = README.MD
	EndProjectSection
EndProject
Global
	GlobalSection(SolutionConfigurationPlatforms) = preSolution
		Debug|Any CPU = Debug|Any CPU
		Release|Any CPU = Release|Any CPU
	EndGlobalSection
	GlobalSection(ProjectConfigurationPlatforms) = postSolution
		{FBBD1D6A-B360-4695-94D2-673A5140B21A}.Debug|Any CPU.ActiveCfg = Debug|Any CPU
		{FBBD1D6A-B360-4695-94D2-673A5140B21A}.Debug|Any CPU.Build.0 = Debug|Any CPU
		{FBBD1D6A-B360-4695-94D2-673A5140B21A}.Release|Any CPU.ActiveCfg = Release|Any CPU
		{FBBD1D6A-B360-4695-94D2-673A5140B21A}.Release|Any CPU.Build.0 = Release|Any CPU
		{A680F035-B47F-4C0D-85C4-3D681939DDAD}.Debug|Any CPU.ActiveCfg = Debug|Any CPU
		{A680F035-B47F-4C0D-85C4-3D681939DDAD}.Debug|Any CPU.Build.0 = Debug|Any CPU
		{A680F035-B47F-4C0D-85C4-3D681939DDAD}.Release|Any CPU.ActiveCfg = Release|Any CPU
		{A680F035-B47F-4C0D-85C4-3D681939DDAD}.Release|Any CPU.Build.0 = Release|Any CPU
	EndGlobalSection
	GlobalSection(SolutionProperties) = preSolution
		HideSolutionNode = FALSE
	EndGlobalSection
	GlobalSection(ExtensibilityGlobals) = postSolution
		SolutionGuid = {D4185FC6-3EE5-4F6E-A14F-743B4F2779C2}
	EndGlobalSection
EndGlobal
